<?xml version="1.0" encoding="utf-8"?>
<Project ToolsVersion="4.0" xmlns="http://schemas.microsoft.com/developer/msbuild/2003">
  <ItemGroup>
    <Filter Include="Source Files">
      <UniqueIdentifier>{4FC737F1-C7A5-4376-A066-2A32D752A2FF}</UniqueIdentifier>
      <Extensions>cpp;c;cc;cxx;def;odl;idl;hpj;bat;asm;asmx</Extensions>
    </Filter>
    <Filter Include="Header Files">
      <UniqueIdentifier>{93995380-89BD-4b04-88EB-625FBE52EBFB}</UniqueIdentifier>
      <Extensions>h;hpp;hxx;hm;inl;inc;xsd</Extensions>
    </Filter>
    <Filter Include="Resource Files">
      <UniqueIdentifier>{67DA6AB6-F800-4c08-8B7A-83BB121AAD01}</UniqueIdentifier>
      <Extensions>rc;ico;cur;bmp;dlg;rc2;rct;bin;rgs;gif;jpg;jpeg;jpe;resx;tiff;tif;png;wav;mfcribbon-ms</Extensions>
    </Filter>
    <Filter Include="Source Files\Project Cube">
      <UniqueIdentifier>{cfa8595f-377f-4fa7-b2f5-3ae42eb0946e}</UniqueIdentifier>
    </Filter>
    <Filter Include="Header Files\Project Cube">
      <UniqueIdentifier>{26a65ee5-b559-473b-bdfe-301145193622}</UniqueIdentifier>
    </Filter>
  </ItemGroup>
  <ItemGroup>
    <ClCompile Include="..\..\test\TestMain.cpp">
      <Filter>Source Files</Filter>
    </ClCompile>
    <ClCompile Include="..\..\test\GridTest.cpp">
      <Filter>Source Files</Filter>
    </ClCompile>
    <ClCompile Include="..\..\src\Gamelogic\Grid.cpp">
      <Filter>Source Files\Project Cube</Filter>
    </ClCompile>
    <ClCompile Include="..\..\src\Logger.cpp">
      <Filter>Source Files\Project Cube</Filter>
    </ClCompile>
    <ClCompile Include="..\..\src\MainApp.cpp">
      <Filter>Source Files\Project Cube</Filter>
    </ClCompile>
    <ClCompile Include="..\..\src\Settings.cpp">
      <Filter>Source Files\Project Cube</Filter>
    </ClCompile>
    <ClCompile Include="..\..\external\tinyxml\tinyxmlparser.cpp">
      <Filter>Source Files\Project Cube</Filter>
    </ClCompile>
    <ClCompile Include="..\..\external\tinyxml\tinystr.cpp">
      <Filter>Source Files\Project Cube</Filter>
    </ClCompile>
    <ClCompile Include="..\..\external\tinyxml\tinyxml.cpp">
      <Filter>Source Files\Project Cube</Filter>
    </ClCompile>
    <ClCompile Include="..\..\external\tinyxml\tinyxmlerror.cpp">
      <Filter>Source Files\Project Cube</Filter>
    </ClCompile>
    <ClCompile Include="..\..\src\Gamelogic\Cube.cpp">
      <Filter>Source Files\Project Cube</Filter>
    </ClCompile>
    <ClCompile Include="..\..\test\CubeTest.cpp">
      <Filter>Source Files</Filter>
    </ClCompile>
    <ClCompile Include="..\..\src\Graphics\SceneObject.cpp">
      <Filter>Source Files\Project Cube</Filter>
    </ClCompile>
    <ClCompile Include="..\..\src\Graphics\Shader.cpp">
      <Filter>Source Files\Project Cube</Filter>
    </ClCompile>
    <ClCompile Include="..\..\src\Graphics\ShaderManager.cpp">
      <Filter>Source Files\Project Cube</Filter>
    </ClCompile>
    <ClCompile Include="..\..\src\Graphics\TextureManager.cpp">
      <Filter>Source Files\Project Cube</Filter>
    </ClCompile>
    <ClCompile Include="..\..\src\Graphics\Graphic.cpp">
      <Filter>Source Files\Project Cube</Filter>
    </ClCompile>
    <ClCompile Include="..\..\src\Graphics\SceneObjects\SceneObject_AssimpImport.cpp">
      <Filter>Source Files\Project Cube</Filter>
    </ClCompile>
    <ClCompile Include="..\..\src\Graphics\SceneObjects\SceneObject_BoundingBox.cpp">
      <Filter>Source Files\Project Cube</Filter>
    </ClCompile>
    <ClCompile Include="..\..\src\Graphics\SceneObjects\SceneObject_Camera.cpp">
      <Filter>Source Files\Project Cube</Filter>
    </ClCompile>
    <ClCompile Include="..\..\src\Graphics\SceneObjects\SceneObject_Cube.cpp">
      <Filter>Source Files\Project Cube</Filter>
    </ClCompile>
    <ClCompile Include="..\..\src\Graphics\SceneObjects\SceneObject_EmptyNode.cpp">
      <Filter>Source Files\Project Cube</Filter>
    </ClCompile>
    <ClCompile Include="..\..\src\Graphics\SceneObjects\SceneObject_FBO.cpp">
      <Filter>Source Files\Project Cube</Filter>
    </ClCompile>
    <ClCompile Include="..\..\src\Graphics\SceneObjects\SceneObject_PostEffect.cpp">
      <Filter>Source Files\Project Cube</Filter>
    </ClCompile>
    <ClCompile Include="..\..\src\Graphics\SceneObjects\SceneObject_RenderPass.cpp">
      <Filter>Source Files\Project Cube</Filter>
    </ClCompile>
    <ClCompile Include="..\..\src\DummyGame\Game.cpp">
      <Filter>Source Files\Project Cube</Filter>
    </ClCompile>
    <ClCompile Include="..\..\src\DummyGame\SampleObject.cpp">
      <Filter>Source Files\Project Cube</Filter>
    </ClCompile>
    <ClCompile Include="..\..\src\Gamelogic\Level.cpp">
      <Filter>Source Files\Project Cube</Filter>
    </ClCompile>
    <ClCompile Include="..\..\test\LevelTest.cpp">
      <Filter>Source Files</Filter>
    </ClCompile>
  </ItemGroup>
  <ItemGroup>
    <ClInclude Include="..\..\test\GridTest.h">
      <Filter>Header Files</Filter>
    </ClInclude>
    <ClInclude Include="..\..\include\Error.h">
      <Filter>Header Files\Project Cube</Filter>
    </ClInclude>
    <ClInclude Include="..\..\include\Gamelogic\Cube.h">
      <Filter>Header Files\Project Cube</Filter>
    </ClInclude>
    <ClInclude Include="..\..\include\Gamelogic\GameLogic.h">
      <Filter>Header Files\Project Cube</Filter>
    </ClInclude>
    <ClInclude Include="..\..\include\Gamelogic\Grid.h">
      <Filter>Header Files\Project Cube</Filter>
    </ClInclude>
    <ClInclude Include="..\..\include\Gamelogic\ICube.h">
      <Filter>Header Files\Project Cube</Filter>
    </ClInclude>
    <ClInclude Include="..\..\include\Gamelogic\IGameState.h">
      <Filter>Header Files\Project Cube</Filter>
    </ClInclude>
    <ClInclude Include="..\..\include\Gamelogic\IObject.h">
      <Filter>Header Files\Project Cube</Filter>
    </ClInclude>
    <ClInclude Include="..\..\include\Graphics\common_gl.h">
      <Filter>Header Files\Project Cube</Filter>
    </ClInclude>
    <ClInclude Include="..\..\include\IInputEventListener.h">
      <Filter>Header Files\Project Cube</Filter>
    </ClInclude>
    <ClInclude Include="..\..\include\IXMLSerializeable.h">
      <Filter>Header Files\Project Cube</Filter>
    </ClInclude>
    <ClInclude Include="..\..\include\Logger.h">
      <Filter>Header Files\Project Cube</Filter>
    </ClInclude>
    <ClInclude Include="..\..\include\MainApp.h">
      <Filter>Header Files\Project Cube</Filter>
    </ClInclude>
    <ClInclude Include="..\..\include\Settings.h">
      <Filter>Header Files\Project Cube</Filter>
    </ClInclude>
    <ClInclude Include="..\..\external\tinyxml\tinyxml.h">
      <Filter>Header Files\Project Cube</Filter>
    </ClInclude>
    <ClInclude Include="..\..\external\tinyxml\tinystr.h">
      <Filter>Header Files\Project Cube</Filter>
    </ClInclude>
    <ClInclude Include="..\..\test\CubeTest.h">
      <Filter>Header Files</Filter>
    </ClInclude>
    <ClInclude Include="..\..\include\Graphics\Graphic.h">
      <Filter>Header Files\Project Cube</Filter>
    </ClInclude>
    <ClInclude Include="..\..\include\Graphics\prevent_old_opengl.h">
      <Filter>Header Files\Project Cube</Filter>
    </ClInclude>
    <ClInclude Include="..\..\include\Graphics\SceneObject.h">
      <Filter>Header Files\Project Cube</Filter>
    </ClInclude>
    <ClInclude Include="..\..\include\Graphics\Shader.h">
      <Filter>Header Files\Project Cube</Filter>
    </ClInclude>
    <ClInclude Include="..\..\include\Graphics\ShaderManager.h">
      <Filter>Header Files\Project Cube</Filter>
    </ClInclude>
    <ClInclude Include="..\..\include\Graphics\TextureManager.h">
      <Filter>Header Files\Project Cube</Filter>
    </ClInclude>
    <ClInclude Include="..\..\include\Graphics\SceneObjects\SceneObject_AssimpImport.h">
      <Filter>Header Files\Project Cube</Filter>
    </ClInclude>
    <ClInclude Include="..\..\include\Graphics\SceneObjects\SceneObject_BoundingBox.h">
      <Filter>Header Files\Project Cube</Filter>
    </ClInclude>
    <ClInclude Include="..\..\include\Graphics\SceneObjects\SceneObject_Camera.h">
      <Filter>Header Files\Project Cube</Filter>
    </ClInclude>
    <ClInclude Include="..\..\include\Graphics\SceneObjects\SceneObject_Cube.h">
      <Filter>Header Files\Project Cube</Filter>
    </ClInclude>
    <ClInclude Include="..\..\include\Graphics\SceneObjects\SceneObject_EmptyNode.h">
      <Filter>Header Files\Project Cube</Filter>
    </ClInclude>
    <ClInclude Include="..\..\include\Graphics\SceneObjects\SceneObject_FBO.h">
      <Filter>Header Files\Project Cube</Filter>
    </ClInclude>
    <ClInclude Include="..\..\include\Graphics\SceneObjects\SceneObject_PostEffect.h">
      <Filter>Header Files\Project Cube</Filter>
    </ClInclude>
    <ClInclude Include="..\..\include\Graphics\SceneObjects\SceneObject_RenderPass.h">
      <Filter>Header Files\Project Cube</Filter>
    </ClInclude>
    <ClInclude Include="..\..\include\DummyGame\Game.h">
      <Filter>Header Files\Project Cube</Filter>
    </ClInclude>
    <ClInclude Include="..\..\include\DummyGame\SampleObject.h">
      <Filter>Header Files\Project Cube</Filter>
    </ClInclude>
    <ClInclude Include="..\..\include\Gamelogic\Level.h">
      <Filter>Header Files\Project Cube</Filter>
    </ClInclude>
    <ClInclude Include="..\..\include\Gamelogic\ILevel.h">
      <Filter>Header Files\Project Cube</Filter>
    </ClInclude>
    <ClInclude Include="..\..\test\LevelTest.h">
      <Filter>Header Files</Filter>
    </ClInclude>
  </ItemGroup>
</Project>