
Microsoft Visual Studio Solution File, Format Version 11.00
# Visual Studio 2010
Project("{8BC9CEB8-8B4A-11D0-8D11-00A0C91BC942}") = "Project Cube", "Project Cube.vcxproj", "{021D3145-D885-4010-92CF-761BD598DD71}"
EndProject
Project("{8BC9CEB8-8B4A-11D0-8D11-00A0C91BC942}") = "Project Cube Test", "Project Cube Test\Project Cube Test.vcxproj", "{283F9110-616E-42F9-BA1F-E4748A4D11CB}"
EndProject
Global
	GlobalSection(SolutionConfigurationPlatforms) = preSolution
		Debug|Win32 = Debug|Win32
		Release|Win32 = Release|Win32
	EndGlobalSection
	GlobalSection(ProjectConfigurationPlatforms) = postSolution
		{021D3145-D885-4010-92CF-761BD598DD71}.Debug|Win32.ActiveCfg = Debug|Win32
		{021D3145-D885-4010-92CF-761BD598DD71}.Debug|Win32.Build.0 = Debug|Win32
		{021D3145-D885-4010-92CF-761BD598DD71}.Release|Win32.ActiveCfg = Release|Win32
		{021D3145-D885-4010-92CF-761BD598DD71}.Release|Win32.Build.0 = Release|Win32
		{283F9110-616E-42F9-BA1F-E4748A4D11CB}.Debug|Win32.ActiveCfg = Debug|Win32
		{283F9110-616E-42F9-BA1F-E4748A4D11CB}.Debug|Win32.Build.0 = Debug|Win32
		{283F9110-616E-42F9-BA1F-E4748A4D11CB}.Release|Win32.ActiveCfg = Release|Win32
		{283F9110-616E-42F9-BA1F-E4748A4D11CB}.Release|Win32.Build.0 = Release|Win32
	EndGlobalSection
	GlobalSection(SolutionProperties) = preSolution
		HideSolutionNode = FALSE
	EndGlobalSection
EndGlobal
